
Microsoft Visual Studio Solution File, Format Version 12.00
# Visual Studio Version 16
VisualStudioVersion = 16.0.31105.61
MinimumVisualStudioVersion = 10.0.40219.1
Project("{FAE04EC0-301F-11D3-BF4B-00C04F79EFBC}") = "Gestionare_Parc_Auto_Proiect_Buharu_Vlad_Tema_3", "Gestionare_Parc_Auto_Proiect_Buharu_Vlad_Tema_3\Gestionare_Parc_Auto_Proiect_Buharu_Vlad_Tema_3.csproj", "{59436C40-8209-4AE0-BD88-31F1532A98A0}"
EndProject
Project("{2150E333-8FDC-42A3-9474-1A3956D46DE8}") = "Solution Items", "Solution Items", "{F50C8C2B-A872-4E28-945E-766009342E94}"
	ProjectSection(SolutionItems) = preProject
		Gestionare_Parc_Auto_Proiect_Buharu_Vlad_Tema_3\Pictures\rsz_truck-logo-design-inspiration_20029-91.jpg = Gestionare_Parc_Auto_Proiect_Buharu_Vlad_Tema_3\Pictures\rsz_truck-logo-design-inspiration_20029-91.jpg
	EndProjectSection
EndProject
Global
	GlobalSection(SolutionConfigurationPlatforms) = preSolution
		Debug|Any CPU = Debug|Any CPU
		Release|Any CPU = Release|Any CPU
	EndGlobalSection
	GlobalSection(ProjectConfigurationPlatforms) = postSolution
		{59436C40-8209-4AE0-BD88-31F1532A98A0}.Debug|Any CPU.ActiveCfg = Debug|Any CPU
		{59436C40-8209-4AE0-BD88-31F1532A98A0}.Debug|Any CPU.Build.0 = Debug|Any CPU
		{59436C40-8209-4AE0-BD88-31F1532A98A0}.Release|Any CPU.ActiveCfg = Release|Any CPU
		{59436C40-8209-4AE0-BD88-31F1532A98A0}.Release|Any CPU.Build.0 = Release|Any CPU
	EndGlobalSection
	GlobalSection(SolutionProperties) = preSolution
		HideSolutionNode = FALSE
	EndGlobalSection
	GlobalSection(ExtensibilityGlobals) = postSolution
		SolutionGuid = {96EE608F-A481-487B-BE63-A8DCFFDC076F}
	EndGlobalSection
EndGlobal
